
Microsoft Visual Studio Solution File, Format Version 12.00
# Visual Studio Version 17
VisualStudioVersion = 17.10.34928.147
MinimumVisualStudioVersion = 10.0.40219.1
Project("{9A19103F-16F7-4668-BE54-9A1E7A4F7556}") = "Sales.Shared", "Sales.Shared\Sales.Shared.csproj", "{3112A1C4-7159-40E0-B8F3-F9FF86FED384}"
EndProject
Project("{9A19103F-16F7-4668-BE54-9A1E7A4F7556}") = "Sales.WEB", "Sales.WEB\Sales.WEB.csproj", "{BB1EDD5F-45F3-4C4B-8863-AE4D2C654A63}"
EndProject
Project("{9A19103F-16F7-4668-BE54-9A1E7A4F7556}") = "Sales.Mobile", "Sales.Mobile\Sales.Mobile.csproj", "{18298674-8721-4715-A5F2-FC598062FD53}"
EndProject
Project("{9A19103F-16F7-4668-BE54-9A1E7A4F7556}") = "Sales.API", "Sales.API\Sales.API.csproj", "{5FAEEF04-D8F2-4DCE-9E85-93328EE817B7}"
EndProject
Global
	GlobalSection(SolutionConfigurationPlatforms) = preSolution
		Debug|Any CPU = Debug|Any CPU
		Release|Any CPU = Release|Any CPU
	EndGlobalSection
	GlobalSection(ProjectConfigurationPlatforms) = postSolution
		{3112A1C4-7159-40E0-B8F3-F9FF86FED384}.Debug|Any CPU.ActiveCfg = Debug|Any CPU
		{3112A1C4-7159-40E0-B8F3-F9FF86FED384}.Debug|Any CPU.Build.0 = Debug|Any CPU
		{3112A1C4-7159-40E0-B8F3-F9FF86FED384}.Release|Any CPU.ActiveCfg = Release|Any CPU
		{3112A1C4-7159-40E0-B8F3-F9FF86FED384}.Release|Any CPU.Build.0 = Release|Any CPU
		{BB1EDD5F-45F3-4C4B-8863-AE4D2C654A63}.Debug|Any CPU.ActiveCfg = Debug|Any CPU
		{BB1EDD5F-45F3-4C4B-8863-AE4D2C654A63}.Debug|Any CPU.Build.0 = Debug|Any CPU
		{BB1EDD5F-45F3-4C4B-8863-AE4D2C654A63}.Release|Any CPU.ActiveCfg = Release|Any CPU
		{BB1EDD5F-45F3-4C4B-8863-AE4D2C654A63}.Release|Any CPU.Build.0 = Release|Any CPU
		{18298674-8721-4715-A5F2-FC598062FD53}.Debug|Any CPU.ActiveCfg = Debug|Any CPU
		{18298674-8721-4715-A5F2-FC598062FD53}.Debug|Any CPU.Build.0 = Debug|Any CPU
		{18298674-8721-4715-A5F2-FC598062FD53}.Debug|Any CPU.Deploy.0 = Debug|Any CPU
		{18298674-8721-4715-A5F2-FC598062FD53}.Release|Any CPU.ActiveCfg = Release|Any CPU
		{18298674-8721-4715-A5F2-FC598062FD53}.Release|Any CPU.Build.0 = Release|Any CPU
		{18298674-8721-4715-A5F2-FC598062FD53}.Release|Any CPU.Deploy.0 = Release|Any CPU
		{5FAEEF04-D8F2-4DCE-9E85-93328EE817B7}.Debug|Any CPU.ActiveCfg = Debug|Any CPU
		{5FAEEF04-D8F2-4DCE-9E85-93328EE817B7}.Debug|Any CPU.Build.0 = Debug|Any CPU
		{5FAEEF04-D8F2-4DCE-9E85-93328EE817B7}.Release|Any CPU.ActiveCfg = Release|Any CPU
		{5FAEEF04-D8F2-4DCE-9E85-93328EE817B7}.Release|Any CPU.Build.0 = Release|Any CPU
	EndGlobalSection
	GlobalSection(SolutionProperties) = preSolution
		HideSolutionNode = FALSE
	EndGlobalSection
	GlobalSection(ExtensibilityGlobals) = postSolution
		SolutionGuid = {A0BD6316-E0DB-424A-AD01-E5C8C1690038}
	EndGlobalSection
EndGlobal
